{
  "name": "@valueadd/nestjs-streaming",
  "version": "0.1.0-alpha.0",
  "lockfileVersion": 1,
  "requires": true,
  "dependencies": {
    "stream-mock": {
      "version": "2.0.5",
      "resolved": "https://registry.npmjs.org/stream-mock/-/stream-mock-2.0.5.tgz",
      "integrity": "sha512-dx9skT8QYjwLsal+MhGHr4UtgS49brw851C/oTixmhCi4Ip+/qnZmhV1qOcznYYAED6gYKmKea+jjza4/wjpSg==",
      "dev": true
    }
  }
}
